
Microsoft Visual Studio Solution File, Format Version 12.00
# Visual Studio Version 17
VisualStudioVersion = 17.9.34622.214
MinimumVisualStudioVersion = 10.0.40219.1
Project("{FAE04EC0-301F-11D3-BF4B-00C04F79EFBC}") = "Exercicio01.ConsoleApp", "Exercicio01.ConsoleApp\Exercicio01.ConsoleApp.csproj", "{A2A26A9B-827E-4822-8BBC-130A87997969}"
EndProject
Project("{FAE04EC0-301F-11D3-BF4B-00C04F79EFBC}") = "Exercicio06.ConsoleApp", "Exercicio02\Exercicio06.ConsoleApp.csproj", "{80B64D71-52A1-4588-9A3B-6589F47A1610}"
EndProject
Project("{FAE04EC0-301F-11D3-BF4B-00C04F79EFBC}") = "Exercicio07.ConsoleApp", "Exercicio07.ConsoleApp\Exercicio07.ConsoleApp.csproj", "{AADBEB55-AADF-43F3-A56F-7B136C17FC56}"
EndProject
Global
	GlobalSection(SolutionConfigurationPlatforms) = preSolution
		Debug|Any CPU = Debug|Any CPU
		Release|Any CPU = Release|Any CPU
	EndGlobalSection
	GlobalSection(ProjectConfigurationPlatforms) = postSolution
		{A2A26A9B-827E-4822-8BBC-130A87997969}.Debug|Any CPU.ActiveCfg = Debug|Any CPU
		{A2A26A9B-827E-4822-8BBC-130A87997969}.Debug|Any CPU.Build.0 = Debug|Any CPU
		{A2A26A9B-827E-4822-8BBC-130A87997969}.Release|Any CPU.ActiveCfg = Release|Any CPU
		{A2A26A9B-827E-4822-8BBC-130A87997969}.Release|Any CPU.Build.0 = Release|Any CPU
		{80B64D71-52A1-4588-9A3B-6589F47A1610}.Debug|Any CPU.ActiveCfg = Debug|Any CPU
		{80B64D71-52A1-4588-9A3B-6589F47A1610}.Debug|Any CPU.Build.0 = Debug|Any CPU
		{80B64D71-52A1-4588-9A3B-6589F47A1610}.Release|Any CPU.ActiveCfg = Release|Any CPU
		{80B64D71-52A1-4588-9A3B-6589F47A1610}.Release|Any CPU.Build.0 = Release|Any CPU
		{AADBEB55-AADF-43F3-A56F-7B136C17FC56}.Debug|Any CPU.ActiveCfg = Debug|Any CPU
		{AADBEB55-AADF-43F3-A56F-7B136C17FC56}.Debug|Any CPU.Build.0 = Debug|Any CPU
		{AADBEB55-AADF-43F3-A56F-7B136C17FC56}.Release|Any CPU.ActiveCfg = Release|Any CPU
		{AADBEB55-AADF-43F3-A56F-7B136C17FC56}.Release|Any CPU.Build.0 = Release|Any CPU
	EndGlobalSection
	GlobalSection(SolutionProperties) = preSolution
		HideSolutionNode = FALSE
	EndGlobalSection
	GlobalSection(ExtensibilityGlobals) = postSolution
		SolutionGuid = {88C3C531-76E4-40E4-865C-30F690D1CE59}
	EndGlobalSection
EndGlobal
